
Microsoft Visual Studio Solution File, Format Version 12.00
# Visual Studio Version 17
VisualStudioVersion = 17.13.35825.156 d17.13
MinimumVisualStudioVersion = 10.0.40219.1
Project("{FAE04EC0-301F-11D3-BF4B-00C04F79EFBC}") = "MathGame - Console", "MathGame - Console\MathGame - Console.csproj", "{726A3ECA-4D39-4508-92B2-5E985EBD6D95}"
EndProject
Global
	GlobalSection(SolutionConfigurationPlatforms) = preSolution
		Debug|Any CPU = Debug|Any CPU
		Release|Any CPU = Release|Any CPU
	EndGlobalSection
	GlobalSection(ProjectConfigurationPlatforms) = postSolution
		{726A3ECA-4D39-4508-92B2-5E985EBD6D95}.Debug|Any CPU.ActiveCfg = Debug|Any CPU
		{726A3ECA-4D39-4508-92B2-5E985EBD6D95}.Debug|Any CPU.Build.0 = Debug|Any CPU
		{726A3ECA-4D39-4508-92B2-5E985EBD6D95}.Release|Any CPU.ActiveCfg = Release|Any CPU
		{726A3ECA-4D39-4508-92B2-5E985EBD6D95}.Release|Any CPU.Build.0 = Release|Any CPU
	EndGlobalSection
	GlobalSection(SolutionProperties) = preSolution
		HideSolutionNode = FALSE
	EndGlobalSection
	GlobalSection(ExtensibilityGlobals) = postSolution
		SolutionGuid = {056489EE-B635-4D43-8781-228693C61A80}
	EndGlobalSection
EndGlobal
